// !$*UTF8*$!
{
	archiveVersion = 1;
	classes = {
	};
	objectVersion = 50;
	objects = {

/* Begin PBXBuildFile section */
		84C5EA542B5A8ABF00618A0D /* AppDelegate.m in Sources */ = {isa = PBXBuildFile; fileRef = 84C5EA532B5A8ABF00618A0D /* AppDelegate.m */; };
		84C5EA572B5A8ABF00618A0D /* SceneDelegate.m in Sources */ = {isa = PBXBuildFile; fileRef = 84C5EA562B5A8ABF00618A0D /* SceneDelegate.m */; };
		84C5EA5A2B5A8ABF00618A0D /* ViewController.m in Sources */ = {isa = PBXBuildFile; fileRef = 84C5EA592B5A8ABF00618A0D /* ViewController.m */; };
		84C5EA5D2B5A8ABF00618A0D /* Main.storyboard in Resources */ = {isa = PBXBuildFile; fileRef = 84C5EA5B2B5A8ABF00618A0D /* Main.storyboard */; };
		84C5EA602B5A8ABF00618A0D /* GraphExample.xcdatamodeld in Sources */ = {isa = PBXBuildFile; fileRef = 84C5EA5E2B5A8ABF00618A0D /* GraphExample.xcdatamodeld */; };
		84C5EA622B5A8AC000618A0D /* Assets.xcassets in Resources */ = {isa = PBXBuildFile; fileRef = 84C5EA612B5A8AC000618A0D /* Assets.xcassets */; };
		84C5EA652B5A8AC000618A0D /* LaunchScreen.storyboard in Resources */ = {isa = PBXBuildFile; fileRef = 84C5EA632B5A8AC000618A0D /* LaunchScreen.storyboard */; };
		84C5EA682B5A8AC000618A0D /* main.m in Sources */ = {isa = PBXBuildFile; fileRef = 84C5EA672B5A8AC000618A0D /* main.m */; };
		84C5EA722B5A8AC000618A0D /* GraphExampleTests.m in Sources */ = {isa = PBXBuildFile; fileRef = 84C5EA712B5A8AC000618A0D /* GraphExampleTests.m */; };
		84C5EA7D2B5A8AC000618A0D /* GraphExampleUITests.m in Sources */ = {isa = PBXBuildFile; fileRef = 84C5EA7C2B5A8AC000618A0D /* GraphExampleUITests.m */; };
/* End PBXBuildFile section */

/* Begin PBXContainerItemProxy section */
		84C5EA6E2B5A8AC000618A0D /* PBXContainerItemProxy */ = {
			isa = PBXContainerItemProxy;
			containerPortal = 84C5EA472B5A8ABF00618A0D /* Project object */;
			proxyType = 1;
			remoteGlobalIDString = 84C5EA4E2B5A8ABF00618A0D;
			remoteInfo = GraphExample;
		};
		84C5EA792B5A8AC000618A0D /* PBXContainerItemProxy */ = {
			isa = PBXContainerItemProxy;
			containerPortal = 84C5EA472B5A8ABF00618A0D /* Project object */;
			proxyType = 1;
			remoteGlobalIDString = 84C5EA4E2B5A8ABF00618A0D;
			remoteInfo = GraphExample;
		};
/* End PBXContainerItemProxy section */

/* Begin PBXFileReference section */
		84C5EA4F2B5A8ABF00618A0D /* GraphExample.app */ = {isa = PBXFileReference; explicitFileType = wrapper.application; includeInIndex = 0; path = GraphExample.app; sourceTree = BUILT_PRODUCTS_DIR; };
		84C5EA522B5A8ABF00618A0D /* AppDelegate.h */ = {isa = PBXFileReference; lastKnownFileType = sourcecode.c.h; path = AppDelegate.h; sourceTree = "<group>"; };
		84C5EA532B5A8ABF00618A0D /* AppDelegate.m */ = {isa = PBXFileReference; lastKnownFileType = sourcecode.c.objc; path = AppDelegate.m; sourceTree = "<group>"; };
		84C5EA552B5A8ABF00618A0D /* SceneDelegate.h */ = {isa = PBXFileReference; lastKnownFileType = sourcecode.c.h; path = SceneDelegate.h; sourceTree = "<group>"; };
		84C5EA562B5A8ABF00618A0D /* SceneDelegate.m */ = {isa = PBXFileReference; lastKnownFileType = sourcecode.c.objc; path = SceneDelegate.m; sourceTree = "<group>"; };
		84C5EA582B5A8ABF00618A0D /* ViewController.h */ = {isa = PBXFileReference; lastKnownFileType = sourcecode.c.h; path = ViewController.h; sourceTree = "<group>"; };
		84C5EA592B5A8ABF00618A0D /* ViewController.m */ = {isa = PBXFileReference; lastKnownFileType = sourcecode.c.objc; path = ViewController.m; sourceTree = "<group>"; };
		84C5EA5C2B5A8ABF00618A0D /* Base */ = {isa = PBXFileReference; lastKnownFileType = file.storyboard; name = Base; path = Base.lproj/Main.storyboard; sourceTree = "<group>"; };
		84C5EA5F2B5A8ABF00618A0D /* GraphExample.xcdatamodel */ = {isa = PBXFileReference; lastKnownFileType = wrapper.xcdatamodel; path = GraphExample.xcdatamodel; sourceTree = "<group>"; };
		84C5EA612B5A8AC000618A0D /* Assets.xcassets */ = {isa = PBXFileReference; lastKnownFileType = folder.assetcatalog; path = Assets.xcassets; sourceTree = "<group>"; };
		84C5EA642B5A8AC000618A0D /* Base */ = {isa = PBXFileReference; lastKnownFileType = file.storyboard; name = Base; path = Base.lproj/LaunchScreen.storyboard; sourceTree = "<group>"; };
		84C5EA662B5A8AC000618A0D /* Info.plist */ = {isa = PBXFileReference; lastKnownFileType = text.plist.xml; path = Info.plist; sourceTree = "<group>"; };
		84C5EA672B5A8AC000618A0D /* main.m */ = {isa = PBXFileReference; lastKnownFileType = sourcecode.c.objc; path = main.m; sourceTree = "<group>"; };
		84C5EA6D2B5A8AC000618A0D /* GraphExampleTests.xctest */ = {isa = PBXFileReference; explicitFileType = wrapper.cfbundle; includeInIndex = 0; path = GraphExampleTests.xctest; sourceTree = BUILT_PRODUCTS_DIR; };
		84C5EA712B5A8AC000618A0D /* GraphExampleTests.m */ = {isa = PBXFileReference; lastKnownFileType = sourcecode.c.objc; path = GraphExampleTests.m; sourceTree = "<group>"; };
		84C5EA732B5A8AC000618A0D /* Info.plist */ = {isa = PBXFileReference; lastKnownFileType = text.plist.xml; path = Info.plist; sourceTree = "<group>"; };
		84C5EA782B5A8AC000618A0D /* GraphExampleUITests.xctest */ = {isa = PBXFileReference; explicitFileType = wrapper.cfbundle; includeInIndex = 0; path = GraphExampleUITests.xctest; sourceTree = BUILT_PRODUCTS_DIR; };
		84C5EA7C2B5A8AC000618A0D /* GraphExampleUITests.m */ = {isa = PBXFileReference; lastKnownFileType = sourcecode.c.objc; path = GraphExampleUITests.m; sourceTree = "<group>"; };
		84C5EA7E2B5A8AC000618A0D /* Info.plist */ = {isa = PBXFileReference; lastKnownFileType = text.plist.xml; path = Info.plist; sourceTree = "<group>"; };
/* End PBXFileReference section */

/* Begin PBXFrameworksBuildPhase section */
		84C5EA4C2B5A8ABF00618A0D /* Frameworks */ = {
			isa = PBXFrameworksBuildPhase;
			buildActionMask = 2147483647;
			files = (
			);
			runOnlyForDeploymentPostprocessing = 0;
		};
		84C5EA6A2B5A8AC000618A0D /* Frameworks */ = {
			isa = PBXFrameworksBuildPhase;
			buildActionMask = 2147483647;
			files = (
			);
			runOnlyForDeploymentPostprocessing = 0;
		};
		84C5EA752B5A8AC000618A0D /* Frameworks */ = {
			isa = PBXFrameworksBuildPhase;
			buildActionMask = 2147483647;
			files = (
			);
			runOnlyForDeploymentPostprocessing = 0;
		};
/* End PBXFrameworksBuildPhase section */

/* Begin PBXGroup section */
		84C5EA462B5A8ABF00618A0D = {
			isa = PBXGroup;
			children = (
				84C5EA512B5A8ABF00618A0D /* GraphExample */,
				84C5EA702B5A8AC000618A0D /* GraphExampleTests */,
				84C5EA7B2B5A8AC000618A0D /* GraphExampleUITests */,
				84C5EA502B5A8ABF00618A0D /* Products */,
			);
			sourceTree = "<group>";
		};
		84C5EA502B5A8ABF00618A0D /* Products */ = {
			isa = PBXGroup;
			children = (
				84C5EA4F2B5A8ABF00618A0D /* GraphExample.app */,
				84C5EA6D2B5A8AC000618A0D /* GraphExampleTests.xctest */,
				84C5EA782B5A8AC000618A0D /* GraphExampleUITests.xctest */,
			);
			name = Products;
			sourceTree = "<group>";
		};
		84C5EA512B5A8ABF00618A0D /* GraphExample */ = {
			isa = PBXGroup;
			children = (
				84C5EA522B5A8ABF00618A0D /* AppDelegate.h */,
				84C5EA532B5A8ABF00618A0D /* AppDelegate.m */,
				84C5EA552B5A8ABF00618A0D /* SceneDelegate.h */,
				84C5EA562B5A8ABF00618A0D /* SceneDelegate.m */,
				84C5EA582B5A8ABF00618A0D /* ViewController.h */,
				84C5EA592B5A8ABF00618A0D /* ViewController.m */,
				84C5EA5B2B5A8ABF00618A0D /* Main.storyboard */,
				84C5EA612B5A8AC000618A0D /* Assets.xcassets */,
				84C5EA632B5A8AC000618A0D /* LaunchScreen.storyboard */,
				84C5EA662B5A8AC000618A0D /* Info.plist */,
				84C5EA672B5A8AC000618A0D /* main.m */,
				84C5EA5E2B5A8ABF00618A0D /* GraphExample.xcdatamodeld */,
			);
			path = GraphExample;
			sourceTree = "<group>";
		};
		84C5EA702B5A8AC000618A0D /* GraphExampleTests */ = {
			isa = PBXGroup;
			children = (
				84C5EA712B5A8AC000618A0D /* GraphExampleTests.m */,
				84C5EA732B5A8AC000618A0D /* Info.plist */,
			);
			path = GraphExampleTests;
			sourceTree = "<group>";
		};
		84C5EA7B2B5A8AC000618A0D /* GraphExampleUITests */ = {
			isa = PBXGroup;
			children = (
				84C5EA7C2B5A8AC000618A0D /* GraphExampleUITests.m */,
				84C5EA7E2B5A8AC000618A0D /* Info.plist */,
			);
			path = GraphExampleUITests;
			sourceTree = "<group>";
		};
/* End PBXGroup section */

/* Begin PBXNativeTarget section */
		84C5EA4E2B5A8ABF00618A0D /* GraphExample */ = {
			isa = PBXNativeTarget;
			buildConfigurationList = 84C5EA812B5A8AC000618A0D /* Build configuration list for PBXNativeTarget "GraphExample" */;
			buildPhases = (
				84C5EA4B2B5A8ABF00618A0D /* Sources */,
				84C5EA4C2B5A8ABF00618A0D /* Frameworks */,
				84C5EA4D2B5A8ABF00618A0D /* Resources */,
			);
			buildRules = (
			);
			dependencies = (
			);
			name = GraphExample;
			productName = GraphExample;
			productReference = 84C5EA4F2B5A8ABF00618A0D /* GraphExample.app */;
			productType = "com.apple.product-type.application";
		};
		84C5EA6C2B5A8AC000618A0D /* GraphExampleTests */ = {
			isa = PBXNativeTarget;
			buildConfigurationList = 84C5EA842B5A8AC000618A0D /* Build configuration list for PBXNativeTarget "GraphExampleTests" */;
			buildPhases = (
				84C5EA692B5A8AC000618A0D /* Sources */,
				84C5EA6A2B5A8AC000618A0D /* Frameworks */,
				84C5EA6B2B5A8AC000618A0D /* Resources */,
			);
			buildRules = (
			);
			dependencies = (
				84C5EA6F2B5A8AC000618A0D /* PBXTargetDependency */,
			);
			name = GraphExampleTests;
			productName = GraphExampleTests;
			productReference = 84C5EA6D2B5A8AC000618A0D /* GraphExampleTests.xctest */;
			productType = "com.apple.product-type.bundle.unit-test";
		};
		84C5EA772B5A8AC000618A0D /* GraphExampleUITests */ = {
			isa = PBXNativeTarget;
			buildConfigurationList = 84C5EA872B5A8AC000618A0D /* Build configuration list for PBXNativeTarget "GraphExampleUITests" */;
			buildPhases = (
				84C5EA742B5A8AC000618A0D /* Sources */,
				84C5EA752B5A8AC000618A0D /* Frameworks */,
				84C5EA762B5A8AC000618A0D /* Resources */,
			);
			buildRules = (
			);
			dependencies = (
				84C5EA7A2B5A8AC000618A0D /* PBXTargetDependency */,
			);
			name = GraphExampleUITests;
			productName = GraphExampleUITests;
			productReference = 84C5EA782B5A8AC000618A0D /* GraphExampleUITests.xctest */;
			productType = "com.apple.product-type.bundle.ui-testing";
		};
/* End PBXNativeTarget section */

/* Begin PBXProject section */
		84C5EA472B5A8ABF00618A0D /* Project object */ = {
			isa = PBXProject;
			attributes = {
				LastUpgradeCheck = 1240;
				TargetAttributes = {
					84C5EA4E2B5A8ABF00618A0D = {
						CreatedOnToolsVersion = 12.4;
					};
					84C5EA6C2B5A8AC000618A0D = {
						CreatedOnToolsVersion = 12.4;
						TestTargetID = 84C5EA4E2B5A8ABF00618A0D;
					};
					84C5EA772B5A8AC000618A0D = {
						CreatedOnToolsVersion = 12.4;
						TestTargetID = 84C5EA4E2B5A8ABF00618A0D;
					};
				};
			};
			buildConfigurationList = 84C5EA4A2B5A8ABF00618A0D /* Build configuration list for PBXProject "GraphExample" */;
			compatibilityVersion = "Xcode 9.3";
			developmentRegion = en;
			hasScannedForEncodings = 0;
			knownRegions = (
				en,
				Base,
			);
			mainGroup = 84C5EA462B5A8ABF00618A0D;
			productRefGroup = 84C5EA502B5A8ABF00618A0D /* Products */;
			projectDirPath = "";
			projectRoot = "";
			targets = (
				84C5EA4E2B5A8ABF00618A0D /* GraphExample */,
				84C5EA6C2B5A8AC000618A0D /* GraphExampleTests */,
				84C5EA772B5A8AC000618A0D /* GraphExampleUITests */,
			);
		};
/* End PBXProject section */

/* Begin PBXResourcesBuildPhase section */
		84C5EA4D2B5A8ABF00618A0D /* Resources */ = {
			isa = PBXResourcesBuildPhase;
			buildActionMask = 2147483647;
			files = (
				84C5EA652B5A8AC000618A0D /* LaunchScreen.storyboard in Resources */,
				84C5EA622B5A8AC000618A0D /* Assets.xcassets in Resources */,
				84C5EA5D2B5A8ABF00618A0D /* Main.storyboard in Resources */,
			);
			runOnlyForDeploymentPostprocessing = 0;
		};
		84C5EA6B2B5A8AC000618A0D /* Resources */ = {
			isa = PBXResourcesBuildPhase;
			buildActionMask = 2147483647;
			files = (
			);
			runOnlyForDeploymentPostprocessing = 0;
		};
		84C5EA762B5A8AC000618A0D /* Resources */ = {
			isa = PBXResourcesBuildPhase;
			buildActionMask = 2147483647;
			files = (
			);
			runOnlyForDeploymentPostprocessing = 0;
		};
/* End PBXResourcesBuildPhase section */

/* Begin PBXSourcesBuildPhase section */
		84C5EA4B2B5A8ABF00618A0D /* Sources */ = {
			isa = PBXSourcesBuildPhase;
			buildActionMask = 2147483647;
			files = (
				84C5EA682B5A8AC000618A0D /* main.m in Sources */,
				84C5EA5A2B5A8ABF00618A0D /* ViewController.m in Sources */,
				84C5EA542B5A8ABF00618A0D /* AppDelegate.m in Sources */,
				84C5EA572B5A8ABF00618A0D /* SceneDelegate.m in Sources */,
				84C5EA602B5A8ABF00618A0D /* GraphExample.xcdatamodeld in Sources */,
			);
			runOnlyForDeploymentPostprocessing = 0;
		};
		84C5EA692B5A8AC000618A0D /* Sources */ = {
			isa = PBXSourcesBuildPhase;
			buildActionMask = 2147483647;
			files = (
				84C5EA722B5A8AC000618A0D /* GraphExampleTests.m in Sources */,
			);
			runOnlyForDeploymentPostprocessing = 0;
		};
		84C5EA742B5A8AC000618A0D /* Sources */ = {
			isa = PBXSourcesBuildPhase;
			buildActionMask = 2147483647;
			files = (
				84C5EA7D2B5A8AC000618A0D /* GraphExampleUITests.m in Sources */,
			);
			runOnlyForDeploymentPostprocessing = 0;
		};
/* End PBXSourcesBuildPhase section */

/* Begin PBXTargetDependency section */
		84C5EA6F2B5A8AC000618A0D /* PBXTargetDependency */ = {
			isa = PBXTargetDependency;
			target = 84C5EA4E2B5A8ABF00618A0D /* GraphExample */;
			targetProxy = 84C5EA6E2B5A8AC000618A0D /* PBXContainerItemProxy */;
		};
		84C5EA7A2B5A8AC000618A0D /* PBXTargetDependency */ = {
			isa = PBXTargetDependency;
			target = 84C5EA4E2B5A8ABF00618A0D /* GraphExample */;
			targetProxy = 84C5EA792B5A8AC000618A0D /* PBXContainerItemProxy */;
		};
/* End PBXTargetDependency section */

/* Begin PBXVariantGroup section */
		84C5EA5B2B5A8ABF00618A0D /* Main.storyboard */ = {
			isa = PBXVariantGroup;
			children = (
				84C5EA5C2B5A8ABF00618A0D /* Base */,
			);
			name = Main.storyboard;
			sourceTree = "<group>";
		};
		84C5EA632B5A8AC000618A0D /* LaunchScreen.storyboard */ = {
			isa = PBXVariantGroup;
			children = (
				84C5EA642B5A8AC000618A0D /* Base */,
			);
			name = LaunchScreen.storyboard;
			sourceTree = "<group>";
		};
/* End PBXVariantGroup section */

/* Begin XCBuildConfiguration section */
		84C5EA7F2B5A8AC000618A0D /* Debug */ = {
			isa = XCBuildConfiguration;
			buildSettings = {
				ALWAYS_SEARCH_USER_PATHS = NO;
				CLANG_ANALYZER_NONNULL = YES;
				CLANG_ANALYZER_NUMBER_OBJECT_CONVERSION = YES_AGGRESSIVE;
				CLANG_CXX_LANGUAGE_STANDARD = "gnu++14";
				CLANG_CXX_LIBRARY = "libc++";
				CLANG_ENABLE_MODULES = YES;
				CLANG_ENABLE_OBJC_ARC = YES;
				CLANG_ENABLE_OBJC_WEAK = YES;
				CLANG_WARN_BLOCK_CAPTURE_AUTORELEASING = YES;
				CLANG_WARN_BOOL_CONVERSION = YES;
				CLANG_WARN_COMMA = YES;
				CLANG_WARN_CONSTANT_CONVERSION = YES;
				CLANG_WARN_DEPRECATED_OBJC_IMPLEMENTATIONS = YES;
				CLANG_WARN_DIRECT_OBJC_ISA_USAGE = YES_ERROR;
				CLANG_WARN_DOCUMENTATION_COMMENTS = YES;
				CLANG_WARN_EMPTY_BODY = YES;
				CLANG_WARN_ENUM_CONVERSION = YES;
				CLANG_WARN_INFINITE_RECURSION = YES;
				CLANG_WARN_INT_CONVERSION = YES;
				CLANG_WARN_NON_LITERAL_NULL_CONVERSION = YES;
				CLANG_WARN_OBJC_IMPLICIT_RETAIN_SELF = YES;
				CLANG_WARN_OBJC_LITERAL_CONVERSION = YES;
				CLANG_WARN_OBJC_ROOT_CLASS = YES_ERROR;
				CLANG_WARN_QUOTED_INCLUDE_IN_FRAMEWORK_HEADER = YES;
				CLANG_WARN_RANGE_LOOP_ANALYSIS = YES;
				CLANG_WARN_STRICT_PROTOTYPES = YES;
				CLANG_WARN_SUSPICIOUS_MOVE = YES;
				CLANG_WARN_UNGUARDED_AVAILABILITY = YES_AGGRESSIVE;
				CLANG_WARN_UNREACHABLE_CODE = YES;
				CLANG_WARN__DUPLICATE_METHOD_MATCH = YES;
				COPY_PHASE_STRIP = NO;
				DEBUG_INFORMATION_FORMAT = dwarf;
				ENABLE_STRICT_OBJC_MSGSEND = YES;
				ENABLE_TESTABILITY = YES;
				GCC_C_LANGUAGE_STANDARD = gnu11;
				GCC_DYNAMIC_NO_PIC = NO;
				GCC_NO_COMMON_BLOCKS = YES;
				GCC_OPTIMIZATION_LEVEL = 0;
				GCC_PREPROCESSOR_DEFINITIONS = (
					"DEBUG=1",
					"$(inherited)",
				);
				GCC_WARN_64_TO_32_BIT_CONVERSION = YES;
				GCC_WARN_ABOUT_RETURN_TYPE = YES_ERROR;
				GCC_WARN_UNDECLARED_SELECTOR = YES;
				GCC_WARN_UNINITIALIZED_AUTOS = YES_AGGRESSIVE;
				GCC_WARN_UNUSED_FUNCTION = YES;
				GCC_WARN_UNUSED_VARIABLE = YES;
				IPHONEOS_DEPLOYMENT_TARGET = 14.4;
				MTL_ENABLE_DEBUG_INFO = INCLUDE_SOURCE;
				MTL_FAST_MATH = YES;
				ONLY_ACTIVE_ARCH = YES;
				SDKROOT = iphoneos;
			};
			name = Debug;
		};
		84C5EA802B5A8AC000618A0D /* Release */ = {
			isa = XCBuildConfiguration;
			buildSettings = {
				ALWAYS_SEARCH_USER_PATHS = NO;
				CLANG_ANALYZER_NONNULL = YES;
				CLANG_ANALYZER_NUMBER_OBJECT_CONVERSION = YES_AGGRESSIVE;
				CLANG_CXX_LANGUAGE_STANDARD = "gnu++14";
				CLANG_CXX_LIBRARY = "libc++";
				CLANG_ENABLE_MODULES = YES;
				CLANG_ENABLE_OBJC_ARC = YES;
				CLANG_ENABLE_OBJC_WEAK = YES;
				CLANG_WARN_BLOCK_CAPTURE_AUTORELEASING = YES;
				CLANG_WARN_BOOL_CONVERSION = YES;
				CLANG_WARN_COMMA = YES;
				CLANG_WARN_CONSTANT_CONVERSION = YES;
				CLANG_WARN_DEPRECATED_OBJC_IMPLEMENTATIONS = YES;
				CLANG_WARN_DIRECT_OBJC_ISA_USAGE = YES_ERROR;
				CLANG_WARN_DOCUMENTATION_COMMENTS = YES;
				CLANG_WARN_EMPTY_BODY = YES;
				CLANG_WARN_ENUM_CONVERSION = YES;
				CLANG_WARN_INFINITE_RECURSION = YES;
				CLANG_WARN_INT_CONVERSION = YES;
				CLANG_WARN_NON_LITERAL_NULL_CONVERSION = YES;
				CLANG_WARN_OBJC_IMPLICIT_RETAIN_SELF = YES;
				CLANG_WARN_OBJC_LITERAL_CONVERSION = YES;
				CLANG_WARN_OBJC_ROOT_CLASS = YES_ERROR;
				CLANG_WARN_QUOTED_INCLUDE_IN_FRAMEWORK_HEADER = YES;
				CLANG_WARN_RANGE_LOOP_ANALYSIS = YES;
				CLANG_WARN_STRICT_PROTOTYPES = YES;
				CLANG_WARN_SUSPICIOUS_MOVE = YES;
				CLANG_WARN_UNGUARDED_AVAILABILITY = YES_AGGRESSIVE;
				CLANG_WARN_UNREACHABLE_CODE = YES;
				CLANG_WARN__DUPLICATE_METHOD_MATCH = YES;
				COPY_PHASE_STRIP = NO;
				DEBUG_INFORMATION_FORMAT = "dwarf-with-dsym";
				ENABLE_NS_ASSERTIONS = NO;
				ENABLE_STRICT_OBJC_MSGSEND = YES;
				GCC_C_LANGUAGE_STANDARD = gnu11;
				GCC_NO_COMMON_BLOCKS = YES;
				GCC_WARN_64_TO_32_BIT_CONVERSION = YES;
				GCC_WARN_ABOUT_RETURN_TYPE = YES_ERROR;
				GCC_WARN_UNDECLARED_SELECTOR = YES;
				GCC_WARN_UNINITIALIZED_AUTOS = YES_AGGRESSIVE;
				GCC_WARN_UNUSED_FUNCTION = YES;
				GCC_WARN_UNUSED_VARIABLE = YES;
				IPHONEOS_DEPLOYMENT_TARGET = 14.4;
				MTL_ENABLE_DEBUG_INFO = NO;
				MTL_FAST_MATH = YES;
				SDKROOT = iphoneos;
				VALIDATE_PRODUCT = YES;
			};
			name = Release;
		};
		84C5EA822B5A8AC000618A0D /* Debug */ = {
			isa = XCBuildConfiguration;
			buildSettings = {
				ASSETCATALOG_COMPILER_APPICON_NAME = AppIcon;
				ASSETCATALOG_COMPILER_GLOBAL_ACCENT_COLOR_NAME = AccentColor;
				CODE_SIGN_STYLE = Automatic;
				INFOPLIST_FILE = GraphExample/Info.plist;
				LD_RUNPATH_SEARCH_PATHS = (
					"$(inherited)",
					"@executable_path/Frameworks",
				);
				PRODUCT_BUNDLE_IDENTIFIER = za.ac.cbi.cbi.GraphExample;
				PRODUCT_NAME = "$(TARGET_NAME)";
				TARGETED_DEVICE_FAMILY = "1,2";
			};
			name = Debug;
		};
		84C5EA832B5A8AC000618A0D /* Release */ = {
			isa = XCBuildConfiguration;
			buildSettings = {
				ASSETCATALOG_COMPILER_APPICON_NAME = AppIcon;
				ASSETCATALOG_COMPILER_GLOBAL_ACCENT_COLOR_NAME = AccentColor;
				CODE_SIGN_STYLE = Automatic;
				INFOPLIST_FILE = GraphExample/Info.plist;
				LD_RUNPATH_SEARCH_PATHS = (
					"$(inherited)",
					"@executable_path/Frameworks",
				);
				PRODUCT_BUNDLE_IDENTIFIER = za.ac.cbi.cbi.GraphExample;
				PRODUCT_NAME = "$(TARGET_NAME)";
				TARGETED_DEVICE_FAMILY = "1,2";
			};
			name = Release;
		};
		84C5EA852B5A8AC000618A0D /* Debug */ = {
			isa = XCBuildConfiguration;
			buildSettings = {
				BUNDLE_LOADER = "$(TEST_HOST)";
				CODE_SIGN_STYLE = Automatic;
				INFOPLIST_FILE = GraphExampleTests/Info.plist;
				IPHONEOS_DEPLOYMENT_TARGET = 14.4;
				LD_RUNPATH_SEARCH_PATHS = (
					"$(inherited)",
					"@executable_path/Frameworks",
					"@loader_path/Frameworks",
				);
				PRODUCT_BUNDLE_IDENTIFIER = za.ac.cbi.cbi.GraphExampleTests;
				PRODUCT_NAME = "$(TARGET_NAME)";
				TARGETED_DEVICE_FAMILY = "1,2";
				TEST_HOST = "$(BUILT_PRODUCTS_DIR)/GraphExample.app/GraphExample";
			};
			name = Debug;
		};
		84C5EA862B5A8AC000618A0D /* Release */ = {
			isa = XCBuildConfiguration;
			buildSettings = {
				BUNDLE_LOADER = "$(TEST_HOST)";
				CODE_SIGN_STYLE = Automatic;
				INFOPLIST_FILE = GraphExampleTests/Info.plist;
				IPHONEOS_DEPLOYMENT_TARGET = 14.4;
				LD_RUNPATH_SEARCH_PATHS = (
					"$(inherited)",
					"@executable_path/Frameworks",
					"@loader_path/Frameworks",
				);
				PRODUCT_BUNDLE_IDENTIFIER = za.ac.cbi.cbi.GraphExampleTests;
				PRODUCT_NAME = "$(TARGET_NAME)";
				TARGETED_DEVICE_FAMILY = "1,2";
				TEST_HOST = "$(BUILT_PRODUCTS_DIR)/GraphExample.app/GraphExample";
			};
			name = Release;
		};
		84C5EA882B5A8AC000618A0D /* Debug */ = {
			isa = XCBuildConfiguration;
			buildSettings = {
				CODE_SIGN_STYLE = Automatic;
				INFOPLIST_FILE = GraphExampleUITests/Info.plist;
				LD_RUNPATH_SEARCH_PATHS = (
					"$(inherited)",
					"@executable_path/Frameworks",
					"@loader_path/Frameworks",
				);
				PRODUCT_BUNDLE_IDENTIFIER = za.ac.cbi.cbi.GraphExampleUITests;
				PRODUCT_NAME = "$(TARGET_NAME)";
				TARGETED_DEVICE_FAMILY = "1,2";
				TEST_TARGET_NAME = GraphExample;
			};
			name = Debug;
		};
		84C5EA892B5A8AC000618A0D /* Release */ = {
			isa = XCBuildConfiguration;
			buildSettings = {
				CODE_SIGN_STYLE = Automatic;
				INFOPLIST_FILE = GraphExampleUITests/Info.plist;
				LD_RUNPATH_SEARCH_PATHS = (
					"$(inherited)",
					"@executable_path/Frameworks",
					"@loader_path/Frameworks",
				);
				PRODUCT_BUNDLE_IDENTIFIER = za.ac.cbi.cbi.GraphExampleUITests;
				PRODUCT_NAME = "$(TARGET_NAME)";
				TARGETED_DEVICE_FAMILY = "1,2";
				TEST_TARGET_NAME = GraphExample;
			};
			name = Release;
		};
/* End XCBuildConfiguration section */

/* Begin XCConfigurationList section */
		84C5EA4A2B5A8ABF00618A0D /* Build configuration list for PBXProject "GraphExample" */ = {
			isa = XCConfigurationList;
			buildConfigurations = (
				84C5EA7F2B5A8AC000618A0D /* Debug */,
				84C5EA802B5A8AC000618A0D /* Release */,
			);
			defaultConfigurationIsVisible = 0;
			defaultConfigurationName = Release;
		};
		84C5EA812B5A8AC000618A0D /* Build configuration list for PBXNativeTarget "GraphExample" */ = {
			isa = XCConfigurationList;
			buildConfigurations = (
				84C5EA822B5A8AC000618A0D /* Debug */,
				84C5EA832B5A8AC000618A0D /* Release */,
			);
			defaultConfigurationIsVisible = 0;
			defaultConfigurationName = Release;
		};
		84C5EA842B5A8AC000618A0D /* Build configuration list for PBXNativeTarget "GraphExampleTests" */ = {
			isa = XCConfigurationList;
			buildConfigurations = (
				84C5EA852B5A8AC000618A0D /* Debug */,
				84C5EA862B5A8AC000618A0D /* Release */,
			);
			defaultConfigurationIsVisible = 0;
			defaultConfigurationName = Release;
		};
		84C5EA872B5A8AC000618A0D /* Build configuration list for PBXNativeTarget "GraphExampleUITests" */ = {
			isa = XCConfigurationList;
			buildConfigurations = (
				84C5EA882B5A8AC000618A0D /* Debug */,
				84C5EA892B5A8AC000618A0D /* Release */,
			);
			defaultConfigurationIsVisible = 0;
			defaultConfigurationName = Release;
		};
/* End XCConfigurationList section */

/* Begin XCVersionGroup section */
		84C5EA5E2B5A8ABF00618A0D /* GraphExample.xcdatamodeld */ = {
			isa = XCVersionGroup;
			children = (
				84C5EA5F2B5A8ABF00618A0D /* GraphExample.xcdatamodel */,
			);
			currentVersion = 84C5EA5F2B5A8ABF00618A0D /* GraphExample.xcdatamodel */;
			path = GraphExample.xcdatamodeld;
			sourceTree = "<group>";
			versionGroupType = wrapper.xcdatamodel;
		};
/* End XCVersionGroup section */
	};
	rootObject = 84C5EA472B5A8ABF00618A0D /* Project object */;
}
